
Microsoft Visual Studio Solution File, Format Version 12.00
# Visual Studio Version 17
VisualStudioVersion = 17.11.35222.181
MinimumVisualStudioVersion = 10.0.40219.1
Project("{2150E333-8FDC-42A3-9474-1A3956D46DE8}") = "01-Ui", "01-Ui", "{02D2923A-52BC-4225-88E1-02ECED6795C1}"
EndProject
Project("{2150E333-8FDC-42A3-9474-1A3956D46DE8}") = "02-Core", "02-Core", "{2CB9B912-5106-4F1B-AB9C-EC06ED96730C}"
EndProject
Project("{9A19103F-16F7-4668-BE54-9A1E7A4F7556}") = "ZorgmeldSysteem.Domain", "02-Core\ZorgmeldSysteem.Domain\ZorgmeldSysteem.Domain.csproj", "{81037911-94D1-4D2C-941D-C474DEDE19E9}"
EndProject
Project("{9A19103F-16F7-4668-BE54-9A1E7A4F7556}") = "ZorgmeldSysteem.Application", "02-Core\ZorgmeldSysteem.Application\ZorgmeldSysteem.Application.csproj", "{7453CD5A-B410-49A6-A98A-FA38F7D53DA2}"
EndProject
Project("{2150E333-8FDC-42A3-9474-1A3956D46DE8}") = "03-Infrastructure", "03-Infrastructure", "{FE9196A1-F86F-48A6-A11D-1B975209CD57}"
EndProject
Project("{9A19103F-16F7-4668-BE54-9A1E7A4F7556}") = "ZorgmeldSysteem.Infrastructure", "03-Infrastructure\ZorgmeldSysteem.Infrastructure\ZorgmeldSysteem.Infrastructure.csproj", "{CA514DCF-A983-4272-A289-002BDFB3FFB8}"
EndProject
Project("{9A19103F-16F7-4668-BE54-9A1E7A4F7556}") = "ZorgmeldSysteem.Persistence", "03-Infrastructure\ZorgmeldSysteem.Persistence\ZorgmeldSysteem.Persistence.csproj", "{7D2CF95F-D5DF-41FA-B9A9-AD703EFAB41D}"
EndProject
Project("{2150E333-8FDC-42A3-9474-1A3956D46DE8}") = "10-Tests", "10-Tests", "{81160E1A-B803-4E64-8E2A-39F4F1BA3088}"
EndProject
Project("{9A19103F-16F7-4668-BE54-9A1E7A4F7556}") = "ZorgmeldSysteem.UnitTests", "10-Tests\ZorgmeldSysteem.UnitTests\ZorgmeldSysteem.UnitTests.csproj", "{D4EEBDCC-8E92-44F6-8779-331EA190BA90}"
EndProject
Project("{FAE04EC0-301F-11D3-BF4B-00C04F79EFBC}") = "ZorgmeldSysteem.WebApi", "01-UI\ZorgmeldSysteem.WebApi\ZorgmeldSysteem.WebApi.csproj", "{A6951678-1AE2-45F5-BFC2-854138260CD0}"
EndProject
Global
	GlobalSection(SolutionConfigurationPlatforms) = preSolution
		Debug|Any CPU = Debug|Any CPU
		Release|Any CPU = Release|Any CPU
	EndGlobalSection
	GlobalSection(ProjectConfigurationPlatforms) = postSolution
		{81037911-94D1-4D2C-941D-C474DEDE19E9}.Debug|Any CPU.ActiveCfg = Debug|Any CPU
		{81037911-94D1-4D2C-941D-C474DEDE19E9}.Debug|Any CPU.Build.0 = Debug|Any CPU
		{81037911-94D1-4D2C-941D-C474DEDE19E9}.Release|Any CPU.ActiveCfg = Release|Any CPU
		{81037911-94D1-4D2C-941D-C474DEDE19E9}.Release|Any CPU.Build.0 = Release|Any CPU
		{7453CD5A-B410-49A6-A98A-FA38F7D53DA2}.Debug|Any CPU.ActiveCfg = Debug|Any CPU
		{7453CD5A-B410-49A6-A98A-FA38F7D53DA2}.Debug|Any CPU.Build.0 = Debug|Any CPU
		{7453CD5A-B410-49A6-A98A-FA38F7D53DA2}.Release|Any CPU.ActiveCfg = Release|Any CPU
		{7453CD5A-B410-49A6-A98A-FA38F7D53DA2}.Release|Any CPU.Build.0 = Release|Any CPU
		{CA514DCF-A983-4272-A289-002BDFB3FFB8}.Debug|Any CPU.ActiveCfg = Debug|Any CPU
		{CA514DCF-A983-4272-A289-002BDFB3FFB8}.Debug|Any CPU.Build.0 = Debug|Any CPU
		{CA514DCF-A983-4272-A289-002BDFB3FFB8}.Release|Any CPU.ActiveCfg = Release|Any CPU
		{CA514DCF-A983-4272-A289-002BDFB3FFB8}.Release|Any CPU.Build.0 = Release|Any CPU
		{7D2CF95F-D5DF-41FA-B9A9-AD703EFAB41D}.Debug|Any CPU.ActiveCfg = Debug|Any CPU
		{7D2CF95F-D5DF-41FA-B9A9-AD703EFAB41D}.Debug|Any CPU.Build.0 = Debug|Any CPU
		{7D2CF95F-D5DF-41FA-B9A9-AD703EFAB41D}.Release|Any CPU.ActiveCfg = Release|Any CPU
		{7D2CF95F-D5DF-41FA-B9A9-AD703EFAB41D}.Release|Any CPU.Build.0 = Release|Any CPU
		{D4EEBDCC-8E92-44F6-8779-331EA190BA90}.Debug|Any CPU.ActiveCfg = Debug|Any CPU
		{D4EEBDCC-8E92-44F6-8779-331EA190BA90}.Debug|Any CPU.Build.0 = Debug|Any CPU
		{D4EEBDCC-8E92-44F6-8779-331EA190BA90}.Release|Any CPU.ActiveCfg = Release|Any CPU
		{D4EEBDCC-8E92-44F6-8779-331EA190BA90}.Release|Any CPU.Build.0 = Release|Any CPU
		{A6951678-1AE2-45F5-BFC2-854138260CD0}.Debug|Any CPU.ActiveCfg = Debug|Any CPU
		{A6951678-1AE2-45F5-BFC2-854138260CD0}.Debug|Any CPU.Build.0 = Debug|Any CPU
		{A6951678-1AE2-45F5-BFC2-854138260CD0}.Release|Any CPU.ActiveCfg = Release|Any CPU
		{A6951678-1AE2-45F5-BFC2-854138260CD0}.Release|Any CPU.Build.0 = Release|Any CPU
	EndGlobalSection
	GlobalSection(SolutionProperties) = preSolution
		HideSolutionNode = FALSE
	EndGlobalSection
	GlobalSection(NestedProjects) = preSolution
		{81037911-94D1-4D2C-941D-C474DEDE19E9} = {2CB9B912-5106-4F1B-AB9C-EC06ED96730C}
		{7453CD5A-B410-49A6-A98A-FA38F7D53DA2} = {2CB9B912-5106-4F1B-AB9C-EC06ED96730C}
		{CA514DCF-A983-4272-A289-002BDFB3FFB8} = {FE9196A1-F86F-48A6-A11D-1B975209CD57}
		{7D2CF95F-D5DF-41FA-B9A9-AD703EFAB41D} = {FE9196A1-F86F-48A6-A11D-1B975209CD57}
		{D4EEBDCC-8E92-44F6-8779-331EA190BA90} = {81160E1A-B803-4E64-8E2A-39F4F1BA3088}
		{A6951678-1AE2-45F5-BFC2-854138260CD0} = {02D2923A-52BC-4225-88E1-02ECED6795C1}
	EndGlobalSection
	GlobalSection(ExtensibilityGlobals) = postSolution
		SolutionGuid = {CA898884-5D66-4EB2-9FD6-17F20D3F3EFB}
	EndGlobalSection
EndGlobal
